// !$*UTF8*$!
{
	archiveVersion = 1;
	classes = {
	};
	objectVersion = 56;
	objects = {

/* Begin PBXBuildFile section */
		80208F762BFEF0070034E384 /* ImgEncoder.swift in Sources */ = {isa = PBXBuildFile; fileRef = 80208F752BFEF0070034E384 /* ImgEncoder.swift */; };
		80208F7A2BFEF1120034E384 /* NSImage+Extension.swift in Sources */ = {isa = PBXBuildFile; fileRef = 80208F792BFEF1120034E384 /* NSImage+Extension.swift */; };
		80208F7C2BFEF94C0034E384 /* TextEncoder.swift in Sources */ = {isa = PBXBuildFile; fileRef = 80208F7B2BFEF94C0034E384 /* TextEncoder.swift */; };
		80208F7F2BFEF98C0034E384 /* BPETokenizer.swift in Sources */ = {isa = PBXBuildFile; fileRef = 80208F7E2BFEF98C0034E384 /* BPETokenizer.swift */; };
		80208F812BFEF9B90034E384 /* BPETokenizer+Reading.swift in Sources */ = {isa = PBXBuildFile; fileRef = 80208F802BFEF9B90034E384 /* BPETokenizer+Reading.swift */; };
		80208F832BFEFA240034E384 /* Embedding.swift in Sources */ = {isa = PBXBuildFile; fileRef = 80208F822BFEFA240034E384 /* Embedding.swift */; };
		80208F852BFEFA510034E384 /* PhotoSearchModel.swift in Sources */ = {isa = PBXBuildFile; fileRef = 80208F842BFEFA510034E384 /* PhotoSearchModel.swift */; };
		80208F882BFF000A0034E384 /* PhotoSearcher.swift in Sources */ = {isa = PBXBuildFile; fileRef = 80208F872BFF000A0034E384 /* PhotoSearcher.swift */; };
		8044A4552BF712FF005231CF /* PhotosSearchApp.swift in Sources */ = {isa = PBXBuildFile; fileRef = 8044A4542BF712FF005231CF /* PhotosSearchApp.swift */; };
		8044A4572BF712FF005231CF /* ContentView.swift in Sources */ = {isa = PBXBuildFile; fileRef = 8044A4562BF712FF005231CF /* ContentView.swift */; };
/* End PBXBuildFile section */

/* Begin PBXFileReference section */
		80208F752BFEF0070034E384 /* ImgEncoder.swift */ = {isa = PBXFileReference; lastKnownFileType = sourcecode.swift; path = ImgEncoder.swift; sourceTree = "<group>"; };
		80208F792BFEF1120034E384 /* NSImage+Extension.swift */ = {isa = PBXFileReference; lastKnownFileType = sourcecode.swift; path = "NSImage+Extension.swift"; sourceTree = "<group>"; };
		80208F7B2BFEF94C0034E384 /* TextEncoder.swift */ = {isa = PBXFileReference; lastKnownFileType = sourcecode.swift; path = TextEncoder.swift; sourceTree = "<group>"; };
		80208F7E2BFEF98C0034E384 /* BPETokenizer.swift */ = {isa = PBXFileReference; lastKnownFileType = sourcecode.swift; path = BPETokenizer.swift; sourceTree = "<group>"; };
		80208F802BFEF9B90034E384 /* BPETokenizer+Reading.swift */ = {isa = PBXFileReference; lastKnownFileType = sourcecode.swift; path = "BPETokenizer+Reading.swift"; sourceTree = "<group>"; };
		80208F822BFEFA240034E384 /* Embedding.swift */ = {isa = PBXFileReference; lastKnownFileType = sourcecode.swift; path = Embedding.swift; sourceTree = "<group>"; };
		80208F842BFEFA510034E384 /* PhotoSearchModel.swift */ = {isa = PBXFileReference; lastKnownFileType = sourcecode.swift; path = PhotoSearchModel.swift; sourceTree = "<group>"; };
		80208F872BFF000A0034E384 /* PhotoSearcher.swift */ = {isa = PBXFileReference; lastKnownFileType = sourcecode.swift; path = PhotoSearcher.swift; sourceTree = "<group>"; };
		8044A4512BF712FF005231CF /* PhotosSearch.app */ = {isa = PBXFileReference; explicitFileType = wrapper.application; includeInIndex = 0; path = PhotosSearch.app; sourceTree = BUILT_PRODUCTS_DIR; };
		8044A4542BF712FF005231CF /* PhotosSearchApp.swift */ = {isa = PBXFileReference; lastKnownFileType = sourcecode.swift; path = PhotosSearchApp.swift; sourceTree = "<group>"; };
		8044A4562BF712FF005231CF /* ContentView.swift */ = {isa = PBXFileReference; lastKnownFileType = sourcecode.swift; path = ContentView.swift; sourceTree = "<group>"; };
		8044A4582BF71300005231CF /* Assets.xcassets */ = {isa = PBXFileReference; lastKnownFileType = folder.assetcatalog; path = Assets.xcassets; sourceTree = "<group>"; };
		8044A45B2BF71300005231CF /* Preview Assets.xcassets */ = {isa = PBXFileReference; lastKnownFileType = folder.assetcatalog; path = "Preview Assets.xcassets"; sourceTree = "<group>"; };
		8044A45D2BF71300005231CF /* PhotosSearch.entitlements */ = {isa = PBXFileReference; lastKnownFileType = text.plist.entitlements; path = PhotosSearch.entitlements; sourceTree = "<group>"; };
/* End PBXFileReference section */

/* Begin PBXFrameworksBuildPhase section */
		8044A44E2BF712FF005231CF /* Frameworks */ = {
			isa = PBXFrameworksBuildPhase;
			buildActionMask = 2147483647;
			files = (
			);
			runOnlyForDeploymentPostprocessing = 0;
		};
/* End PBXFrameworksBuildPhase section */

/* Begin PBXGroup section */
		80208F742BFEEFF10034E384 /* CLIP */ = {
			isa = PBXGroup;
			children = (
				80208F7D2BFEF9750034E384 /* Tokenizer */,
				80208F752BFEF0070034E384 /* ImgEncoder.swift */,
				80208F7B2BFEF94C0034E384 /* TextEncoder.swift */,
			);
			path = CLIP;
			sourceTree = "<group>";
		};
		80208F772BFEF1000034E384 /* Model */ = {
			isa = PBXGroup;
			children = (
				80208F792BFEF1120034E384 /* NSImage+Extension.swift */,
				80208F822BFEFA240034E384 /* Embedding.swift */,
				80208F842BFEFA510034E384 /* PhotoSearchModel.swift */,
			);
			path = Model;
			sourceTree = "<group>";
		};
		80208F7D2BFEF9750034E384 /* Tokenizer */ = {
			isa = PBXGroup;
			children = (
				80208F7E2BFEF98C0034E384 /* BPETokenizer.swift */,
				80208F802BFEF9B90034E384 /* BPETokenizer+Reading.swift */,
			);
			path = Tokenizer;
			sourceTree = "<group>";
		};
		80208F862BFEFFFC0034E384 /* ViewModel */ = {
			isa = PBXGroup;
			children = (
				80208F872BFF000A0034E384 /* PhotoSearcher.swift */,
			);
			path = ViewModel;
			sourceTree = "<group>";
		};
		8044A4482BF712FF005231CF = {
			isa = PBXGroup;
			children = (
				8044A4532BF712FF005231CF /* PhotosSearch */,
				8044A4522BF712FF005231CF /* Products */,
			);
			sourceTree = "<group>";
		};
		8044A4522BF712FF005231CF /* Products */ = {
			isa = PBXGroup;
			children = (
				8044A4512BF712FF005231CF /* PhotosSearch.app */,
			);
			name = Products;
			sourceTree = "<group>";
		};
		8044A4532BF712FF005231CF /* PhotosSearch */ = {
			isa = PBXGroup;
			children = (
				80208F862BFEFFFC0034E384 /* ViewModel */,
				80208F772BFEF1000034E384 /* Model */,
				80208F742BFEEFF10034E384 /* CLIP */,
				8044A4632BF7134C005231CF /* CoreMLModels */,
				8044A4542BF712FF005231CF /* PhotosSearchApp.swift */,
				8044A4562BF712FF005231CF /* ContentView.swift */,
				8044A4582BF71300005231CF /* Assets.xcassets */,
				8044A45D2BF71300005231CF /* PhotosSearch.entitlements */,
				8044A45A2BF71300005231CF /* Preview Content */,
			);
			path = PhotosSearch;
			sourceTree = "<group>";
		};
		8044A45A2BF71300005231CF /* Preview Content */ = {
			isa = PBXGroup;
			children = (
				8044A45B2BF71300005231CF /* Preview Assets.xcassets */,
			);
			path = "Preview Content";
			sourceTree = "<group>";
		};
		8044A4632BF7134C005231CF /* CoreMLModels */ = {
			isa = PBXGroup;
			children = (
			);
			path = CoreMLModels;
			sourceTree = "<group>";
		};
/* End PBXGroup section */

/* Begin PBXNativeTarget section */
		8044A4502BF712FF005231CF /* PhotosSearch */ = {
			isa = PBXNativeTarget;
			buildConfigurationList = 8044A4602BF71300005231CF /* Build configuration list for PBXNativeTarget "PhotosSearch" */;
			buildPhases = (
				8044A44D2BF712FF005231CF /* Sources */,
				8044A44E2BF712FF005231CF /* Frameworks */,
				8044A44F2BF712FF005231CF /* Resources */,
			);
			buildRules = (
			);
			dependencies = (
			);
			name = PhotosSearch;
			productName = PhotosSearch;
			productReference = 8044A4512BF712FF005231CF /* PhotosSearch.app */;
			productType = "com.apple.product-type.application";
		};
/* End PBXNativeTarget section */

/* Begin PBXProject section */
		8044A4492BF712FF005231CF /* Project object */ = {
			isa = PBXProject;
			attributes = {
				BuildIndependentTargetsInParallel = 1;
				LastSwiftUpdateCheck = 1540;
				LastUpgradeCheck = 1540;
				TargetAttributes = {
					8044A4502BF712FF005231CF = {
						CreatedOnToolsVersion = 15.4;
					};
				};
			};
			buildConfigurationList = 8044A44C2BF712FF005231CF /* Build configuration list for PBXProject "PhotosSearch" */;
			compatibilityVersion = "Xcode 14.0";
			developmentRegion = en;
			hasScannedForEncodings = 0;
			knownRegions = (
				en,
				Base,
			);
			mainGroup = 8044A4482BF712FF005231CF;
			productRefGroup = 8044A4522BF712FF005231CF /* Products */;
			projectDirPath = "";
			projectRoot = "";
			targets = (
				8044A4502BF712FF005231CF /* PhotosSearch */,
			);
		};
/* End PBXProject section */

/* Begin PBXResourcesBuildPhase section */
		8044A44F2BF712FF005231CF /* Resources */ = {
			isa = PBXResourcesBuildPhase;
			buildActionMask = 2147483647;
			files = (
			);
			runOnlyForDeploymentPostprocessing = 0;
		};
/* End PBXResourcesBuildPhase section */

/* Begin PBXSourcesBuildPhase section */
		8044A44D2BF712FF005231CF /* Sources */ = {
			isa = PBXSourcesBuildPhase;
			buildActionMask = 2147483647;
			files = (
				80208F812BFEF9B90034E384 /* BPETokenizer+Reading.swift in Sources */,
				80208F852BFEFA510034E384 /* PhotoSearchModel.swift in Sources */,
				80208F832BFEFA240034E384 /* Embedding.swift in Sources */,
				80208F7C2BFEF94C0034E384 /* TextEncoder.swift in Sources */,
				80208F7F2BFEF98C0034E384 /* BPETokenizer.swift in Sources */,
				80208F882BFF000A0034E384 /* PhotoSearcher.swift in Sources */,
				8044A4572BF712FF005231CF /* ContentView.swift in Sources */,
				8044A4552BF712FF005231CF /* PhotosSearchApp.swift in Sources */,
				80208F7A2BFEF1120034E384 /* NSImage+Extension.swift in Sources */,
				80208F762BFEF0070034E384 /* ImgEncoder.swift in Sources */,
			);
			runOnlyForDeploymentPostprocessing = 0;
		};
/* End PBXSourcesBuildPhase section */

/* Begin XCBuildConfiguration section */
		8044A45E2BF71300005231CF /* Debug */ = {
			isa = XCBuildConfiguration;
			buildSettings = {
				ALWAYS_SEARCH_USER_PATHS = NO;
				ASSETCATALOG_COMPILER_GENERATE_SWIFT_ASSET_SYMBOL_EXTENSIONS = YES;
				CLANG_ANALYZER_NONNULL = YES;
				CLANG_ANALYZER_NUMBER_OBJECT_CONVERSION = YES_AGGRESSIVE;
				CLANG_CXX_LANGUAGE_STANDARD = "gnu++20";
				CLANG_ENABLE_MODULES = YES;
				CLANG_ENABLE_OBJC_ARC = YES;
				CLANG_ENABLE_OBJC_WEAK = YES;
				CLANG_WARN_BLOCK_CAPTURE_AUTORELEASING = YES;
				CLANG_WARN_BOOL_CONVERSION = YES;
				CLANG_WARN_COMMA = YES;
				CLANG_WARN_CONSTANT_CONVERSION = YES;
				CLANG_WARN_DEPRECATED_OBJC_IMPLEMENTATIONS = YES;
				CLANG_WARN_DIRECT_OBJC_ISA_USAGE = YES_ERROR;
				CLANG_WARN_DOCUMENTATION_COMMENTS = YES;
				CLANG_WARN_EMPTY_BODY = YES;
				CLANG_WARN_ENUM_CONVERSION = YES;
				CLANG_WARN_INFINITE_RECURSION = YES;
				CLANG_WARN_INT_CONVERSION = YES;
				CLANG_WARN_NON_LITERAL_NULL_CONVERSION = YES;
				CLANG_WARN_OBJC_IMPLICIT_RETAIN_SELF = YES;
				CLANG_WARN_OBJC_LITERAL_CONVERSION = YES;
				CLANG_WARN_OBJC_ROOT_CLASS = YES_ERROR;
				CLANG_WARN_QUOTED_INCLUDE_IN_FRAMEWORK_HEADER = YES;
				CLANG_WARN_RANGE_LOOP_ANALYSIS = YES;
				CLANG_WARN_STRICT_PROTOTYPES = YES;
				CLANG_WARN_SUSPICIOUS_MOVE = YES;
				CLANG_WARN_UNGUARDED_AVAILABILITY = YES_AGGRESSIVE;
				CLANG_WARN_UNREACHABLE_CODE = YES;
				CLANG_WARN__DUPLICATE_METHOD_MATCH = YES;
				COPY_PHASE_STRIP = NO;
				DEBUG_INFORMATION_FORMAT = dwarf;
				ENABLE_STRICT_OBJC_MSGSEND = YES;
				ENABLE_TESTABILITY = YES;
				ENABLE_USER_SCRIPT_SANDBOXING = YES;
				GCC_C_LANGUAGE_STANDARD = gnu17;
				GCC_DYNAMIC_NO_PIC = NO;
				GCC_NO_COMMON_BLOCKS = YES;
				GCC_OPTIMIZATION_LEVEL = 0;
				GCC_PREPROCESSOR_DEFINITIONS = (
					"DEBUG=1",
					"$(inherited)",
				);
				GCC_WARN_64_TO_32_BIT_CONVERSION = YES;
				GCC_WARN_ABOUT_RETURN_TYPE = YES_ERROR;
				GCC_WARN_UNDECLARED_SELECTOR = YES;
				GCC_WARN_UNINITIALIZED_AUTOS = YES_AGGRESSIVE;
				GCC_WARN_UNUSED_FUNCTION = YES;
				GCC_WARN_UNUSED_VARIABLE = YES;
				LOCALIZATION_PREFERS_STRING_CATALOGS = YES;
				MACOSX_DEPLOYMENT_TARGET = 14.4;
				MTL_ENABLE_DEBUG_INFO = INCLUDE_SOURCE;
				MTL_FAST_MATH = YES;
				ONLY_ACTIVE_ARCH = YES;
				SDKROOT = macosx;
				SWIFT_ACTIVE_COMPILATION_CONDITIONS = "DEBUG $(inherited)";
				SWIFT_OPTIMIZATION_LEVEL = "-Onone";
			};
			name = Debug;
		};
		8044A45F2BF71300005231CF /* Release */ = {
			isa = XCBuildConfiguration;
			buildSettings = {
				ALWAYS_SEARCH_USER_PATHS = NO;
				ASSETCATALOG_COMPILER_GENERATE_SWIFT_ASSET_SYMBOL_EXTENSIONS = YES;
				CLANG_ANALYZER_NONNULL = YES;
				CLANG_ANALYZER_NUMBER_OBJECT_CONVERSION = YES_AGGRESSIVE;
				CLANG_CXX_LANGUAGE_STANDARD = "gnu++20";
				CLANG_ENABLE_MODULES = YES;
				CLANG_ENABLE_OBJC_ARC = YES;
				CLANG_ENABLE_OBJC_WEAK = YES;
				CLANG_WARN_BLOCK_CAPTURE_AUTORELEASING = YES;
				CLANG_WARN_BOOL_CONVERSION = YES;
				CLANG_WARN_COMMA = YES;
				CLANG_WARN_CONSTANT_CONVERSION = YES;
				CLANG_WARN_DEPRECATED_OBJC_IMPLEMENTATIONS = YES;
				CLANG_WARN_DIRECT_OBJC_ISA_USAGE = YES_ERROR;
				CLANG_WARN_DOCUMENTATION_COMMENTS = YES;
				CLANG_WARN_EMPTY_BODY = YES;
				CLANG_WARN_ENUM_CONVERSION = YES;
				CLANG_WARN_INFINITE_RECURSION = YES;
				CLANG_WARN_INT_CONVERSION = YES;
				CLANG_WARN_NON_LITERAL_NULL_CONVERSION = YES;
				CLANG_WARN_OBJC_IMPLICIT_RETAIN_SELF = YES;
				CLANG_WARN_OBJC_LITERAL_CONVERSION = YES;
				CLANG_WARN_OBJC_ROOT_CLASS = YES_ERROR;
				CLANG_WARN_QUOTED_INCLUDE_IN_FRAMEWORK_HEADER = YES;
				CLANG_WARN_RANGE_LOOP_ANALYSIS = YES;
				CLANG_WARN_STRICT_PROTOTYPES = YES;
				CLANG_WARN_SUSPICIOUS_MOVE = YES;
				CLANG_WARN_UNGUARDED_AVAILABILITY = YES_AGGRESSIVE;
				CLANG_WARN_UNREACHABLE_CODE = YES;
				CLANG_WARN__DUPLICATE_METHOD_MATCH = YES;
				COPY_PHASE_STRIP = NO;
				DEBUG_INFORMATION_FORMAT = "dwarf-with-dsym";
				ENABLE_NS_ASSERTIONS = NO;
				ENABLE_STRICT_OBJC_MSGSEND = YES;
				ENABLE_USER_SCRIPT_SANDBOXING = YES;
				GCC_C_LANGUAGE_STANDARD = gnu17;
				GCC_NO_COMMON_BLOCKS = YES;
				GCC_WARN_64_TO_32_BIT_CONVERSION = YES;
				GCC_WARN_ABOUT_RETURN_TYPE = YES_ERROR;
				GCC_WARN_UNDECLARED_SELECTOR = YES;
				GCC_WARN_UNINITIALIZED_AUTOS = YES_AGGRESSIVE;
				GCC_WARN_UNUSED_FUNCTION = YES;
				GCC_WARN_UNUSED_VARIABLE = YES;
				LOCALIZATION_PREFERS_STRING_CATALOGS = YES;
				MACOSX_DEPLOYMENT_TARGET = 14.4;
				MTL_ENABLE_DEBUG_INFO = NO;
				MTL_FAST_MATH = YES;
				SDKROOT = macosx;
				SWIFT_COMPILATION_MODE = wholemodule;
			};
			name = Release;
		};
		8044A4612BF71300005231CF /* Debug */ = {
			isa = XCBuildConfiguration;
			buildSettings = {
				ASSETCATALOG_COMPILER_APPICON_NAME = AppIcon;
				ASSETCATALOG_COMPILER_GLOBAL_ACCENT_COLOR_NAME = AccentColor;
				CODE_SIGN_ENTITLEMENTS = PhotosSearch/PhotosSearch.entitlements;
				CODE_SIGN_STYLE = Automatic;
				COMBINE_HIDPI_IMAGES = YES;
				CURRENT_PROJECT_VERSION = 1;
				DEVELOPMENT_ASSET_PATHS = "\"PhotosSearch/Preview Content\"";
				DEVELOPMENT_TEAM = AZ5YZ6A37J;
				ENABLE_HARDENED_RUNTIME = YES;
				ENABLE_PREVIEWS = YES;
				GENERATE_INFOPLIST_FILE = YES;
				INFOPLIST_KEY_NSHumanReadableCopyright = "";
				LD_RUNPATH_SEARCH_PATHS = (
					"$(inherited)",
					"@executable_path/../Frameworks",
				);
				MARKETING_VERSION = 1.0;
				PRODUCT_BUNDLE_IDENTIFIER = personal.PhotosSearch;
				PRODUCT_NAME = "$(TARGET_NAME)";
				SWIFT_EMIT_LOC_STRINGS = YES;
				SWIFT_VERSION = 5.0;
			};
			name = Debug;
		};
		8044A4622BF71300005231CF /* Release */ = {
			isa = XCBuildConfiguration;
			buildSettings = {
				ASSETCATALOG_COMPILER_APPICON_NAME = AppIcon;
				ASSETCATALOG_COMPILER_GLOBAL_ACCENT_COLOR_NAME = AccentColor;
				CODE_SIGN_ENTITLEMENTS = PhotosSearch/PhotosSearch.entitlements;
				CODE_SIGN_STYLE = Automatic;
				COMBINE_HIDPI_IMAGES = YES;
				CURRENT_PROJECT_VERSION = 1;
				DEVELOPMENT_ASSET_PATHS = "\"PhotosSearch/Preview Content\"";
				DEVELOPMENT_TEAM = AZ5YZ6A37J;
				ENABLE_HARDENED_RUNTIME = YES;
				ENABLE_PREVIEWS = YES;
				GENERATE_INFOPLIST_FILE = YES;
				INFOPLIST_KEY_NSHumanReadableCopyright = "";
				LD_RUNPATH_SEARCH_PATHS = (
					"$(inherited)",
					"@executable_path/../Frameworks",
				);
				MARKETING_VERSION = 1.0;
				PRODUCT_BUNDLE_IDENTIFIER = personal.PhotosSearch;
				PRODUCT_NAME = "$(TARGET_NAME)";
				SWIFT_EMIT_LOC_STRINGS = YES;
				SWIFT_VERSION = 5.0;
			};
			name = Release;
		};
/* End XCBuildConfiguration section */

/* Begin XCConfigurationList section */
		8044A44C2BF712FF005231CF /* Build configuration list for PBXProject "PhotosSearch" */ = {
			isa = XCConfigurationList;
			buildConfigurations = (
				8044A45E2BF71300005231CF /* Debug */,
				8044A45F2BF71300005231CF /* Release */,
			);
			defaultConfigurationIsVisible = 0;
			defaultConfigurationName = Release;
		};
		8044A4602BF71300005231CF /* Build configuration list for PBXNativeTarget "PhotosSearch" */ = {
			isa = XCConfigurationList;
			buildConfigurations = (
				8044A4612BF71300005231CF /* Debug */,
				8044A4622BF71300005231CF /* Release */,
			);
			defaultConfigurationIsVisible = 0;
			defaultConfigurationName = Release;
		};
/* End XCConfigurationList section */
	};
	rootObject = 8044A4492BF712FF005231CF /* Project object */;
}
